// !$*UTF8*$!
{
	archiveVersion = 1;
	classes = {
	};
	objectVersion = 51;
	objects = {

/* Begin PBXBuildFile section */
		14CF8F9A13F7E6D88C0C5D03 /* Pods_Goals.framework in Frameworks */ = {isa = PBXBuildFile; fileRef = 030E973E4E01142DF5A9A7D0 /* Pods_Goals.framework */; };
		3A00822B274FD2B6001F8359 /* Banner.swift in Sources */ = {isa = PBXBuildFile; fileRef = 3A00822A274FD2B6001F8359 /* Banner.swift */; };
		3A00822D274FDA34001F8359 /* Interstitial.swift in Sources */ = {isa = PBXBuildFile; fileRef = 3A00822C274FDA34001F8359 /* Interstitial.swift */; };
		3A0361C02559DAEF0001142A /* LaunchView.swift in Sources */ = {isa = PBXBuildFile; fileRef = 3A0361BF2559DAEF0001142A /* LaunchView.swift */; };
		3A1FC7F82564F2AC00596576 /* StoreKit.framework in Frameworks */ = {isa = PBXBuildFile; fileRef = 3A1FC7EE25634A0300596576 /* StoreKit.framework */; };
		3A3BAF40257215F100056A4F /* PayWallView.swift in Sources */ = {isa = PBXBuildFile; fileRef = 3A3BAF3F257215F100056A4F /* PayWallView.swift */; };
		3A497E9625987EBF007FF682 /* Assets.xcassets in Resources */ = {isa = PBXBuildFile; fileRef = 3A497E9525987EBF007FF682 /* Assets.xcassets */; };
		3A4E38C7259A4D5C00E72471 /* AddSessionButton.swift in Sources */ = {isa = PBXBuildFile; fileRef = 3A4E38C6259A4D5C00E72471 /* AddSessionButton.swift */; };
		3A56F5842750D6AA0068C80C /* IAPStore.swift in Sources */ = {isa = PBXBuildFile; fileRef = 3A56F5832750D6AA0068C80C /* IAPStore.swift */; };
		3A643939258582E200A01360 /* PremiumOnlyView.swift in Sources */ = {isa = PBXBuildFile; fileRef = 3A643938258582E200A01360 /* PremiumOnlyView.swift */; };
		3A9652A12553F8100054C5A5 /* WaveAnimationView.swift in Sources */ = {isa = PBXBuildFile; fileRef = 3A9652A02553F8100054C5A5 /* WaveAnimationView.swift */; };
		3AD36E4F259C53C200090EFC /* AddSessionView.swift in Sources */ = {isa = PBXBuildFile; fileRef = 3AD36E4E259C53C200090EFC /* AddSessionView.swift */; };
		3AEAC3432548F0ED0056B8C9 /* GoalsApp.swift in Sources */ = {isa = PBXBuildFile; fileRef = 3AEAC3422548F0ED0056B8C9 /* GoalsApp.swift */; };
		3AEAC34A2548F0EE0056B8C9 /* Preview Assets.xcassets in Resources */ = {isa = PBXBuildFile; fileRef = 3AEAC3492548F0EE0056B8C9 /* Preview Assets.xcassets */; };
		3AEAC34F2548F0EE0056B8C9 /* Goals.xcdatamodeld in Sources */ = {isa = PBXBuildFile; fileRef = 3AEAC34D2548F0EE0056B8C9 /* Goals.xcdatamodeld */; };
		3AEAC35D2548F4AD0056B8C9 /* Persistence.swift in Sources */ = {isa = PBXBuildFile; fileRef = 3AEAC35C2548F4AD0056B8C9 /* Persistence.swift */; };
		3AEAC37B2548F5470056B8C9 /* AntiRilievoView.swift in Sources */ = {isa = PBXBuildFile; fileRef = 3AEAC3602548F5450056B8C9 /* AntiRilievoView.swift */; };
		3AEAC37C2548F5470056B8C9 /* BarView.swift in Sources */ = {isa = PBXBuildFile; fileRef = 3AEAC3612548F5450056B8C9 /* BarView.swift */; };
		3AEAC37D2548F5470056B8C9 /* RingView.swift in Sources */ = {isa = PBXBuildFile; fileRef = 3AEAC3622548F5450056B8C9 /* RingView.swift */; };
		3AEAC37E2548F5470056B8C9 /* ColorButtonView.swift in Sources */ = {isa = PBXBuildFile; fileRef = 3AEAC3632548F5450056B8C9 /* ColorButtonView.swift */; };
		3AEAC37F2548F5470056B8C9 /* RatingView.swift in Sources */ = {isa = PBXBuildFile; fileRef = 3AEAC3642548F5450056B8C9 /* RatingView.swift */; };
		3AEAC3802548F5470056B8C9 /* SettingsScreenView.swift in Sources */ = {isa = PBXBuildFile; fileRef = 3AEAC3652548F5450056B8C9 /* SettingsScreenView.swift */; };
		3AEAC3812548F5470056B8C9 /* GoalIconView.swift in Sources */ = {isa = PBXBuildFile; fileRef = 3AEAC3662548F5450056B8C9 /* GoalIconView.swift */; };
		3AEAC3822548F5470056B8C9 /* ProgressBar.swift in Sources */ = {isa = PBXBuildFile; fileRef = 3AEAC3672548F5450056B8C9 /* ProgressBar.swift */; };
		3AEAC3832548F5470056B8C9 /* GoalPaneView.swift in Sources */ = {isa = PBXBuildFile; fileRef = 3AEAC3682548F5460056B8C9 /* GoalPaneView.swift */; };
		3AEAC3842548F5470056B8C9 /* CrownView.swift in Sources */ = {isa = PBXBuildFile; fileRef = 3AEAC3692548F5460056B8C9 /* CrownView.swift */; };
		3AEAC3862548F5470056B8C9 /* TrackView.swift in Sources */ = {isa = PBXBuildFile; fileRef = 3AEAC36B2548F5460056B8C9 /* TrackView.swift */; };
		3AEAC3872548F5470056B8C9 /* TimerVM.swift in Sources */ = {isa = PBXBuildFile; fileRef = 3AEAC36C2548F5460056B8C9 /* TimerVM.swift */; };
		3AEAC3882548F5470056B8C9 /* ToggleButton.swift in Sources */ = {isa = PBXBuildFile; fileRef = 3AEAC36D2548F5460056B8C9 /* ToggleButton.swift */; };
		3AEAC3892548F5470056B8C9 /* ButtonView.swift in Sources */ = {isa = PBXBuildFile; fileRef = 3AEAC36E2548F5460056B8C9 /* ButtonView.swift */; };
		3AEAC38A2548F5470056B8C9 /* PlanView.swift in Sources */ = {isa = PBXBuildFile; fileRef = 3AEAC36F2548F5460056B8C9 /* PlanView.swift */; };
		3AEAC38B2548F5470056B8C9 /* TimerView.swift in Sources */ = {isa = PBXBuildFile; fileRef = 3AEAC3702548F5460056B8C9 /* TimerView.swift */; };
		3AEAC38C2548F5470056B8C9 /* FoocusTitleView.swift in Sources */ = {isa = PBXBuildFile; fileRef = 3AEAC3712548F5460056B8C9 /* FoocusTitleView.swift */; };
		3AEAC38D2548F5470056B8C9 /* DoView.swift in Sources */ = {isa = PBXBuildFile; fileRef = 3AEAC3722548F5460056B8C9 /* DoView.swift */; };
		3AEAC38E2548F5470056B8C9 /* Home.swift in Sources */ = {isa = PBXBuildFile; fileRef = 3AEAC3732548F5460056B8C9 /* Home.swift */; };
		3AEAC38F2548F5470056B8C9 /* IconView.swift in Sources */ = {isa = PBXBuildFile; fileRef = 3AEAC3742548F5460056B8C9 /* IconView.swift */; };
		3AEAC3912548F5470056B8C9 /* MenuPane.swift in Sources */ = {isa = PBXBuildFile; fileRef = 3AEAC3762548F5470056B8C9 /* MenuPane.swift */; };
		3AEAC3922548F5470056B8C9 /* BarPreferenceView.swift in Sources */ = {isa = PBXBuildFile; fileRef = 3AEAC3772548F5470056B8C9 /* BarPreferenceView.swift */; };
		3AEAC3932548F5470056B8C9 /* weekButtons.swift in Sources */ = {isa = PBXBuildFile; fileRef = 3AEAC3782548F5470056B8C9 /* weekButtons.swift */; };
		3AEAC3942548F5470056B8C9 /* ColumView.swift in Sources */ = {isa = PBXBuildFile; fileRef = 3AEAC3792548F5470056B8C9 /* ColumView.swift */; };
		3AEAC3982548F5B40056B8C9 /* future_sms.mp3 in Resources */ = {isa = PBXBuildFile; fileRef = 3AEAC3962548F5B30056B8C9 /* future_sms.mp3 */; };
		3AEAC3992548F5B40056B8C9 /* transport.mp3 in Resources */ = {isa = PBXBuildFile; fileRef = 3AEAC3972548F5B30056B8C9 /* transport.mp3 */; };
/* End PBXBuildFile section */

/* Begin PBXFileReference section */
		030E973E4E01142DF5A9A7D0 /* Pods_Goals.framework */ = {isa = PBXFileReference; explicitFileType = wrapper.framework; includeInIndex = 0; path = Pods_Goals.framework; sourceTree = BUILT_PRODUCTS_DIR; };
		3A00822A274FD2B6001F8359 /* Banner.swift */ = {isa = PBXFileReference; lastKnownFileType = sourcecode.swift; path = Banner.swift; sourceTree = "<group>"; };
		3A00822C274FDA34001F8359 /* Interstitial.swift */ = {isa = PBXFileReference; lastKnownFileType = sourcecode.swift; path = Interstitial.swift; sourceTree = "<group>"; };
		3A0361BF2559DAEF0001142A /* LaunchView.swift */ = {isa = PBXFileReference; lastKnownFileType = sourcecode.swift; path = LaunchView.swift; sourceTree = "<group>"; };
		3A1FC7EE25634A0300596576 /* StoreKit.framework */ = {isa = PBXFileReference; lastKnownFileType = wrapper.framework; name = StoreKit.framework; path = System/Library/Frameworks/StoreKit.framework; sourceTree = SDKROOT; };
		3A3BAF3F257215F100056A4F /* PayWallView.swift */ = {isa = PBXFileReference; lastKnownFileType = sourcecode.swift; path = PayWallView.swift; sourceTree = "<group>"; };
		3A497E9525987EBF007FF682 /* Assets.xcassets */ = {isa = PBXFileReference; lastKnownFileType = folder.assetcatalog; path = Assets.xcassets; sourceTree = "<group>"; };
		3A4E38C6259A4D5C00E72471 /* AddSessionButton.swift */ = {isa = PBXFileReference; lastKnownFileType = sourcecode.swift; path = AddSessionButton.swift; sourceTree = "<group>"; };
		3A56F5832750D6AA0068C80C /* IAPStore.swift */ = {isa = PBXFileReference; fileEncoding = 4; lastKnownFileType = sourcecode.swift; path = IAPStore.swift; sourceTree = "<group>"; };
		3A643938258582E200A01360 /* PremiumOnlyView.swift */ = {isa = PBXFileReference; lastKnownFileType = sourcecode.swift; path = PremiumOnlyView.swift; sourceTree = "<group>"; };
		3A9652A02553F8100054C5A5 /* WaveAnimationView.swift */ = {isa = PBXFileReference; lastKnownFileType = sourcecode.swift; path = WaveAnimationView.swift; sourceTree = "<group>"; };
		3AD36E4E259C53C200090EFC /* AddSessionView.swift */ = {isa = PBXFileReference; lastKnownFileType = sourcecode.swift; path = AddSessionView.swift; sourceTree = "<group>"; };
		3AEAC33F2548F0ED0056B8C9 /* Goals.app */ = {isa = PBXFileReference; explicitFileType = wrapper.application; includeInIndex = 0; path = Goals.app; sourceTree = BUILT_PRODUCTS_DIR; };
		3AEAC3422548F0ED0056B8C9 /* GoalsApp.swift */ = {isa = PBXFileReference; lastKnownFileType = sourcecode.swift; path = GoalsApp.swift; sourceTree = "<group>"; };
		3AEAC3492548F0EE0056B8C9 /* Preview Assets.xcassets */ = {isa = PBXFileReference; lastKnownFileType = folder.assetcatalog; path = "Preview Assets.xcassets"; sourceTree = "<group>"; };
		3AEAC34E2548F0EE0056B8C9 /* Goals.xcdatamodel */ = {isa = PBXFileReference; lastKnownFileType = wrapper.xcdatamodel; path = Goals.xcdatamodel; sourceTree = "<group>"; };
		3AEAC3502548F0EE0056B8C9 /* Info.plist */ = {isa = PBXFileReference; lastKnownFileType = text.plist.xml; path = Info.plist; sourceTree = "<group>"; };
		3AEAC35C2548F4AD0056B8C9 /* Persistence.swift */ = {isa = PBXFileReference; fileEncoding = 4; lastKnownFileType = sourcecode.swift; path = Persistence.swift; sourceTree = "<group>"; };
		3AEAC3602548F5450056B8C9 /* AntiRilievoView.swift */ = {isa = PBXFileReference; fileEncoding = 4; lastKnownFileType = sourcecode.swift; path = AntiRilievoView.swift; sourceTree = "<group>"; };
		3AEAC3612548F5450056B8C9 /* BarView.swift */ = {isa = PBXFileReference; fileEncoding = 4; lastKnownFileType = sourcecode.swift; path = BarView.swift; sourceTree = "<group>"; };
		3AEAC3622548F5450056B8C9 /* RingView.swift */ = {isa = PBXFileReference; fileEncoding = 4; lastKnownFileType = sourcecode.swift; path = RingView.swift; sourceTree = "<group>"; };
		3AEAC3632548F5450056B8C9 /* ColorButtonView.swift */ = {isa = PBXFileReference; fileEncoding = 4; lastKnownFileType = sourcecode.swift; path = ColorButtonView.swift; sourceTree = "<group>"; };
		3AEAC3642548F5450056B8C9 /* RatingView.swift */ = {isa = PBXFileReference; fileEncoding = 4; lastKnownFileType = sourcecode.swift; path = RatingView.swift; sourceTree = "<group>"; };
		3AEAC3652548F5450056B8C9 /* SettingsScreenView.swift */ = {isa = PBXFileReference; fileEncoding = 4; lastKnownFileType = sourcecode.swift; path = SettingsScreenView.swift; sourceTree = "<group>"; };
		3AEAC3662548F5450056B8C9 /* GoalIconView.swift */ = {isa = PBXFileReference; fileEncoding = 4; lastKnownFileType = sourcecode.swift; path = GoalIconView.swift; sourceTree = "<group>"; };
		3AEAC3672548F5450056B8C9 /* ProgressBar.swift */ = {isa = PBXFileReference; fileEncoding = 4; lastKnownFileType = sourcecode.swift; path = ProgressBar.swift; sourceTree = "<group>"; };
		3AEAC3682548F5460056B8C9 /* GoalPaneView.swift */ = {isa = PBXFileReference; fileEncoding = 4; lastKnownFileType = sourcecode.swift; path = GoalPaneView.swift; sourceTree = "<group>"; };
		3AEAC3692548F5460056B8C9 /* CrownView.swift */ = {isa = PBXFileReference; fileEncoding = 4; lastKnownFileType = sourcecode.swift; path = CrownView.swift; sourceTree = "<group>"; };
		3AEAC36B2548F5460056B8C9 /* TrackView.swift */ = {isa = PBXFileReference; fileEncoding = 4; lastKnownFileType = sourcecode.swift; path = TrackView.swift; sourceTree = "<group>"; };
		3AEAC36C2548F5460056B8C9 /* TimerVM.swift */ = {isa = PBXFileReference; fileEncoding = 4; lastKnownFileType = sourcecode.swift; path = TimerVM.swift; sourceTree = "<group>"; };
		3AEAC36D2548F5460056B8C9 /* ToggleButton.swift */ = {isa = PBXFileReference; fileEncoding = 4; lastKnownFileType = sourcecode.swift; path = ToggleButton.swift; sourceTree = "<group>"; };
		3AEAC36E2548F5460056B8C9 /* ButtonView.swift */ = {isa = PBXFileReference; fileEncoding = 4; lastKnownFileType = sourcecode.swift; path = ButtonView.swift; sourceTree = "<group>"; };
		3AEAC36F2548F5460056B8C9 /* PlanView.swift */ = {isa = PBXFileReference; fileEncoding = 4; lastKnownFileType = sourcecode.swift; path = PlanView.swift; sourceTree = "<group>"; };
		3AEAC3702548F5460056B8C9 /* TimerView.swift */ = {isa = PBXFileReference; fileEncoding = 4; lastKnownFileType = sourcecode.swift; path = TimerView.swift; sourceTree = "<group>"; };
		3AEAC3712548F5460056B8C9 /* FoocusTitleView.swift */ = {isa = PBXFileReference; fileEncoding = 4; lastKnownFileType = sourcecode.swift; path = FoocusTitleView.swift; sourceTree = "<group>"; };
		3AEAC3722548F5460056B8C9 /* DoView.swift */ = {isa = PBXFileReference; fileEncoding = 4; lastKnownFileType = sourcecode.swift; path = DoView.swift; sourceTree = "<group>"; };
		3AEAC3732548F5460056B8C9 /* Home.swift */ = {isa = PBXFileReference; fileEncoding = 4; lastKnownFileType = sourcecode.swift; path = Home.swift; sourceTree = "<group>"; };
		3AEAC3742548F5460056B8C9 /* IconView.swift */ = {isa = PBXFileReference; fileEncoding = 4; lastKnownFileType = sourcecode.swift; path = IconView.swift; sourceTree = "<group>"; };
		3AEAC3762548F5470056B8C9 /* MenuPane.swift */ = {isa = PBXFileReference; fileEncoding = 4; lastKnownFileType = sourcecode.swift; path = MenuPane.swift; sourceTree = "<group>"; };
		3AEAC3772548F5470056B8C9 /* BarPreferenceView.swift */ = {isa = PBXFileReference; fileEncoding = 4; lastKnownFileType = sourcecode.swift; path = BarPreferenceView.swift; sourceTree = "<group>"; };
		3AEAC3782548F5470056B8C9 /* weekButtons.swift */ = {isa = PBXFileReference; fileEncoding = 4; lastKnownFileType = sourcecode.swift; path = weekButtons.swift; sourceTree = "<group>"; };
		3AEAC3792548F5470056B8C9 /* ColumView.swift */ = {isa = PBXFileReference; fileEncoding = 4; lastKnownFileType = sourcecode.swift; path = ColumView.swift; sourceTree = "<group>"; };
		3AEAC3962548F5B30056B8C9 /* future_sms.mp3 */ = {isa = PBXFileReference; lastKnownFileType = audio.mp3; path = future_sms.mp3; sourceTree = "<group>"; };
		3AEAC3972548F5B30056B8C9 /* transport.mp3 */ = {isa = PBXFileReference; lastKnownFileType = audio.mp3; path = transport.mp3; sourceTree = "<group>"; };
		7574ED7ED2A2FE6F18314411 /* Pods-Goals.release.xcconfig */ = {isa = PBXFileReference; includeInIndex = 1; lastKnownFileType = text.xcconfig; name = "Pods-Goals.release.xcconfig"; path = "Target Support Files/Pods-Goals/Pods-Goals.release.xcconfig"; sourceTree = "<group>"; };
		E658B383B627920CBBA02CDB /* Pods-Goals.debug.xcconfig */ = {isa = PBXFileReference; includeInIndex = 1; lastKnownFileType = text.xcconfig; name = "Pods-Goals.debug.xcconfig"; path = "Target Support Files/Pods-Goals/Pods-Goals.debug.xcconfig"; sourceTree = "<group>"; };
/* End PBXFileReference section */

/* Begin PBXFrameworksBuildPhase section */
		3AEAC33C2548F0ED0056B8C9 /* Frameworks */ = {
			isa = PBXFrameworksBuildPhase;
			buildActionMask = 2147483647;
			files = (
				3A1FC7F82564F2AC00596576 /* StoreKit.framework in Frameworks */,
				14CF8F9A13F7E6D88C0C5D03 /* Pods_Goals.framework in Frameworks */,
			);
			runOnlyForDeploymentPostprocessing = 0;
		};
/* End PBXFrameworksBuildPhase section */

/* Begin PBXGroup section */
		3A1FC7ED25634A0300596576 /* Frameworks */ = {
			isa = PBXGroup;
			children = (
				3A1FC7EE25634A0300596576 /* StoreKit.framework */,
				030E973E4E01142DF5A9A7D0 /* Pods_Goals.framework */,
			);
			name = Frameworks;
			sourceTree = "<group>";
		};
		3A56F5822750D65A0068C80C /* Subviews */ = {
			isa = PBXGroup;
			children = (
				3AEAC3792548F5470056B8C9 /* ColumView.swift */,
				3AEAC3692548F5460056B8C9 /* CrownView.swift */,
				3A4E38C6259A4D5C00E72471 /* AddSessionButton.swift */,
				3AD36E4E259C53C200090EFC /* AddSessionView.swift */,
				3AEAC3712548F5460056B8C9 /* FoocusTitleView.swift */,
				3AEAC3662548F5450056B8C9 /* GoalIconView.swift */,
				3AEAC3682548F5460056B8C9 /* GoalPaneView.swift */,
				3AEAC3762548F5470056B8C9 /* MenuPane.swift */,
				3AEAC3642548F5450056B8C9 /* RatingView.swift */,
				3AEAC3622548F5450056B8C9 /* RingView.swift */,
				3AEAC3702548F5460056B8C9 /* TimerView.swift */,
				3AEAC36C2548F5460056B8C9 /* TimerVM.swift */,
				3A9652A02553F8100054C5A5 /* WaveAnimationView.swift */,
			);
			path = Subviews;
			sourceTree = "<group>";
		};
		3A881279254A3A39004B0440 /* Buttons, bar, input elements */ = {
			isa = PBXGroup;
			children = (
				3A00822A274FD2B6001F8359 /* Banner.swift */,
				3A00822C274FDA34001F8359 /* Interstitial.swift */,
				3AEAC3772548F5470056B8C9 /* BarPreferenceView.swift */,
				3AEAC3612548F5450056B8C9 /* BarView.swift */,
				3AEAC36E2548F5460056B8C9 /* ButtonView.swift */,
				3AEAC3632548F5450056B8C9 /* ColorButtonView.swift */,
				3AEAC3742548F5460056B8C9 /* IconView.swift */,
				3AEAC3672548F5450056B8C9 /* ProgressBar.swift */,
				3AEAC36D2548F5460056B8C9 /* ToggleButton.swift */,
				3AEAC3782548F5470056B8C9 /* weekButtons.swift */,
			);
			path = "Buttons, bar, input elements";
			sourceTree = "<group>";
		};
		3A88127D254A41F0004B0440 /* tones */ = {
			isa = PBXGroup;
			children = (
				3AEAC3962548F5B30056B8C9 /* future_sms.mp3 */,
				3AEAC3972548F5B30056B8C9 /* transport.mp3 */,
			);
			path = tones;
			sourceTree = "<group>";
		};
		3AEAC3362548F0ED0056B8C9 = {
			isa = PBXGroup;
			children = (
				3AEAC3412548F0ED0056B8C9 /* Goals */,
				3AEAC3402548F0ED0056B8C9 /* Products */,
				3A1FC7ED25634A0300596576 /* Frameworks */,
				985653C4E4F5607AAC07BB1F /* Pods */,
			);
			sourceTree = "<group>";
		};
		3AEAC3402548F0ED0056B8C9 /* Products */ = {
			isa = PBXGroup;
			children = (
				3AEAC33F2548F0ED0056B8C9 /* Goals.app */,
			);
			name = Products;
			sourceTree = "<group>";
		};
		3AEAC3412548F0ED0056B8C9 /* Goals */ = {
			isa = PBXGroup;
			children = (
				3AEAC3422548F0ED0056B8C9 /* GoalsApp.swift */,
				3AEAC3732548F5460056B8C9 /* Home.swift */,
				3A0361BF2559DAEF0001142A /* LaunchView.swift */,
				3AEAC36F2548F5460056B8C9 /* PlanView.swift */,
				3AEAC3722548F5460056B8C9 /* DoView.swift */,
				3AEAC36B2548F5460056B8C9 /* TrackView.swift */,
				3AEAC3652548F5450056B8C9 /* SettingsScreenView.swift */,
				3AEAC3602548F5450056B8C9 /* AntiRilievoView.swift */,
				3A643938258582E200A01360 /* PremiumOnlyView.swift */,
				3A3BAF3F257215F100056A4F /* PayWallView.swift */,
				3A881279254A3A39004B0440 /* Buttons, bar, input elements */,
				3A56F5822750D65A0068C80C /* Subviews */,
				3A56F5832750D6AA0068C80C /* IAPStore.swift */,
				3AEAC35C2548F4AD0056B8C9 /* Persistence.swift */,
				3AEAC3502548F0EE0056B8C9 /* Info.plist */,
				3A497E9525987EBF007FF682 /* Assets.xcassets */,
				3AEAC34D2548F0EE0056B8C9 /* Goals.xcdatamodeld */,
				3A88127D254A41F0004B0440 /* tones */,
				3AEAC3482548F0EE0056B8C9 /* Preview Content */,
			);
			path = Goals;
			sourceTree = "<group>";
		};
		3AEAC3482548F0EE0056B8C9 /* Preview Content */ = {
			isa = PBXGroup;
			children = (
				3AEAC3492548F0EE0056B8C9 /* Preview Assets.xcassets */,
			);
			path = "Preview Content";
			sourceTree = "<group>";
		};
		985653C4E4F5607AAC07BB1F /* Pods */ = {
			isa = PBXGroup;
			children = (
				E658B383B627920CBBA02CDB /* Pods-Goals.debug.xcconfig */,
				7574ED7ED2A2FE6F18314411 /* Pods-Goals.release.xcconfig */,
			);
			path = Pods;
			sourceTree = "<group>";
		};
/* End PBXGroup section */

/* Begin PBXNativeTarget section */
		3AEAC33E2548F0ED0056B8C9 /* Goals */ = {
			isa = PBXNativeTarget;
			buildConfigurationList = 3AEAC3532548F0EE0056B8C9 /* Build configuration list for PBXNativeTarget "Goals" */;
			buildPhases = (
				D2D42F729D561555D1C1430E /* [CP] Check Pods Manifest.lock */,
				3AEAC33B2548F0ED0056B8C9 /* Sources */,
				3AEAC33C2548F0ED0056B8C9 /* Frameworks */,
				3AEAC33D2548F0ED0056B8C9 /* Resources */,
				F5CAA351525CAD9D955908F5 /* [CP] Embed Pods Frameworks */,
			);
			buildRules = (
			);
			dependencies = (
			);
			name = Goals;
			packageProductDependencies = (
			);
			productName = Goals;
			productReference = 3AEAC33F2548F0ED0056B8C9 /* Goals.app */;
			productType = "com.apple.product-type.application";
		};
/* End PBXNativeTarget section */

/* Begin PBXProject section */
		3AEAC3372548F0ED0056B8C9 /* Project object */ = {
			isa = PBXProject;
			attributes = {
				LastSwiftUpdateCheck = 1200;
				LastUpgradeCheck = 1200;
				TargetAttributes = {
					3AEAC33E2548F0ED0056B8C9 = {
						CreatedOnToolsVersion = 12.0.1;
					};
				};
			};
			buildConfigurationList = 3AEAC33A2548F0ED0056B8C9 /* Build configuration list for PBXProject "Goals" */;
			compatibilityVersion = "Xcode 9.3";
			developmentRegion = en;
			hasScannedForEncodings = 0;
			knownRegions = (
				en,
				Base,
			);
			mainGroup = 3AEAC3362548F0ED0056B8C9;
			packageReferences = (
			);
			productRefGroup = 3AEAC3402548F0ED0056B8C9 /* Products */;
			projectDirPath = "";
			projectRoot = "";
			targets = (
				3AEAC33E2548F0ED0056B8C9 /* Goals */,
			);
		};
/* End PBXProject section */

/* Begin PBXResourcesBuildPhase section */
		3AEAC33D2548F0ED0056B8C9 /* Resources */ = {
			isa = PBXResourcesBuildPhase;
			buildActionMask = 2147483647;
			files = (
				3AEAC3992548F5B40056B8C9 /* transport.mp3 in Resources */,
				3AEAC3982548F5B40056B8C9 /* future_sms.mp3 in Resources */,
				3A497E9625987EBF007FF682 /* Assets.xcassets in Resources */,
				3AEAC34A2548F0EE0056B8C9 /* Preview Assets.xcassets in Resources */,
			);
			runOnlyForDeploymentPostprocessing = 0;
		};
/* End PBXResourcesBuildPhase section */

/* Begin PBXShellScriptBuildPhase section */
		D2D42F729D561555D1C1430E /* [CP] Check Pods Manifest.lock */ = {
			isa = PBXShellScriptBuildPhase;
			buildActionMask = 2147483647;
			files = (
			);
			inputFileListPaths = (
			);
			inputPaths = (
				"${PODS_PODFILE_DIR_PATH}/Podfile.lock",
				"${PODS_ROOT}/Manifest.lock",
			);
			name = "[CP] Check Pods Manifest.lock";
			outputFileListPaths = (
			);
			outputPaths = (
				"$(DERIVED_FILE_DIR)/Pods-Goals-checkManifestLockResult.txt",
			);
			runOnlyForDeploymentPostprocessing = 0;
			shellPath = /bin/sh;
			shellScript = "diff \"${PODS_PODFILE_DIR_PATH}/Podfile.lock\" \"${PODS_ROOT}/Manifest.lock\" > /dev/null\nif [ $? != 0 ] ; then\n    # print error to STDERR\n    echo \"error: The sandbox is not in sync with the Podfile.lock. Run 'pod install' or update your CocoaPods installation.\" >&2\n    exit 1\nfi\n# This output is used by Xcode 'outputs' to avoid re-running this script phase.\necho \"SUCCESS\" > \"${SCRIPT_OUTPUT_FILE_0}\"\n";
			showEnvVarsInLog = 0;
		};
		F5CAA351525CAD9D955908F5 /* [CP] Embed Pods Frameworks */ = {
			isa = PBXShellScriptBuildPhase;
			buildActionMask = 2147483647;
			files = (
			);
			inputFileListPaths = (
				"${PODS_ROOT}/Target Support Files/Pods-Goals/Pods-Goals-frameworks-${CONFIGURATION}-input-files.xcfilelist",
			);
			name = "[CP] Embed Pods Frameworks";
			outputFileListPaths = (
				"${PODS_ROOT}/Target Support Files/Pods-Goals/Pods-Goals-frameworks-${CONFIGURATION}-output-files.xcfilelist",
			);
			runOnlyForDeploymentPostprocessing = 0;
			shellPath = /bin/sh;
			shellScript = "\"${PODS_ROOT}/Target Support Files/Pods-Goals/Pods-Goals-frameworks.sh\"\n";
			showEnvVarsInLog = 0;
		};
/* End PBXShellScriptBuildPhase section */

/* Begin PBXSourcesBuildPhase section */
		3AEAC33B2548F0ED0056B8C9 /* Sources */ = {
			isa = PBXSourcesBuildPhase;
			buildActionMask = 2147483647;
			files = (
				3A643939258582E200A01360 /* PremiumOnlyView.swift in Sources */,
				3AEAC38B2548F5470056B8C9 /* TimerView.swift in Sources */,
				3A0361C02559DAEF0001142A /* LaunchView.swift in Sources */,
				3A3BAF40257215F100056A4F /* PayWallView.swift in Sources */,
				3AEAC3922548F5470056B8C9 /* BarPreferenceView.swift in Sources */,
				3AEAC37C2548F5470056B8C9 /* BarView.swift in Sources */,
				3AEAC35D2548F4AD0056B8C9 /* Persistence.swift in Sources */,
				3AEAC34F2548F0EE0056B8C9 /* Goals.xcdatamodeld in Sources */,
				3AEAC37F2548F5470056B8C9 /* RatingView.swift in Sources */,
				3AEAC38D2548F5470056B8C9 /* DoView.swift in Sources */,
				3AEAC3832548F5470056B8C9 /* GoalPaneView.swift in Sources */,
				3AEAC3432548F0ED0056B8C9 /* GoalsApp.swift in Sources */,
				3AEAC3842548F5470056B8C9 /* CrownView.swift in Sources */,
				3A4E38C7259A4D5C00E72471 /* AddSessionButton.swift in Sources */,
				3AEAC3802548F5470056B8C9 /* SettingsScreenView.swift in Sources */,
				3AEAC3812548F5470056B8C9 /* GoalIconView.swift in Sources */,
				3AEAC37D2548F5470056B8C9 /* RingView.swift in Sources */,
				3AEAC3872548F5470056B8C9 /* TimerVM.swift in Sources */,
				3AEAC3942548F5470056B8C9 /* ColumView.swift in Sources */,
				3AEAC38F2548F5470056B8C9 /* IconView.swift in Sources */,
				3AEAC3882548F5470056B8C9 /* ToggleButton.swift in Sources */,
				3AEAC3862548F5470056B8C9 /* TrackView.swift in Sources */,
				3A9652A12553F8100054C5A5 /* WaveAnimationView.swift in Sources */,
				3AEAC3932548F5470056B8C9 /* weekButtons.swift in Sources */,
				3AEAC3912548F5470056B8C9 /* MenuPane.swift in Sources */,
				3AEAC37E2548F5470056B8C9 /* ColorButtonView.swift in Sources */,
				3AD36E4F259C53C200090EFC /* AddSessionView.swift in Sources */,
				3AEAC3892548F5470056B8C9 /* ButtonView.swift in Sources */,
				3A56F5842750D6AA0068C80C /* IAPStore.swift in Sources */,
				3A00822D274FDA34001F8359 /* Interstitial.swift in Sources */,
				3AEAC38C2548F5470056B8C9 /* FoocusTitleView.swift in Sources */,
				3AEAC3822548F5470056B8C9 /* ProgressBar.swift in Sources */,
				3AEAC37B2548F5470056B8C9 /* AntiRilievoView.swift in Sources */,
				3A00822B274FD2B6001F8359 /* Banner.swift in Sources */,
				3AEAC38E2548F5470056B8C9 /* Home.swift in Sources */,
				3AEAC38A2548F5470056B8C9 /* PlanView.swift in Sources */,
			);
			runOnlyForDeploymentPostprocessing = 0;
		};
/* End PBXSourcesBuildPhase section */

/* Begin XCBuildConfiguration section */
		3AEAC3512548F0EE0056B8C9 /* Debug */ = {
			isa = XCBuildConfiguration;
			buildSettings = {
				ALWAYS_SEARCH_USER_PATHS = NO;
				CLANG_ANALYZER_NONNULL = YES;
				CLANG_ANALYZER_NUMBER_OBJECT_CONVERSION = YES_AGGRESSIVE;
				CLANG_CXX_LANGUAGE_STANDARD = "gnu++14";
				CLANG_CXX_LIBRARY = "libc++";
				CLANG_ENABLE_MODULES = YES;
				CLANG_ENABLE_OBJC_ARC = YES;
				CLANG_ENABLE_OBJC_WEAK = YES;
				CLANG_WARN_BLOCK_CAPTURE_AUTORELEASING = YES;
				CLANG_WARN_BOOL_CONVERSION = YES;
				CLANG_WARN_COMMA = YES;
				CLANG_WARN_CONSTANT_CONVERSION = YES;
				CLANG_WARN_DEPRECATED_OBJC_IMPLEMENTATIONS = YES;
				CLANG_WARN_DIRECT_OBJC_ISA_USAGE = YES_ERROR;
				CLANG_WARN_DOCUMENTATION_COMMENTS = YES;
				CLANG_WARN_EMPTY_BODY = YES;
				CLANG_WARN_ENUM_CONVERSION = YES;
				CLANG_WARN_INFINITE_RECURSION = YES;
				CLANG_WARN_INT_CONVERSION = YES;
				CLANG_WARN_NON_LITERAL_NULL_CONVERSION = YES;
				CLANG_WARN_OBJC_IMPLICIT_RETAIN_SELF = YES;
				CLANG_WARN_OBJC_LITERAL_CONVERSION = YES;
				CLANG_WARN_OBJC_ROOT_CLASS = YES_ERROR;
				CLANG_WARN_QUOTED_INCLUDE_IN_FRAMEWORK_HEADER = YES;
				CLANG_WARN_RANGE_LOOP_ANALYSIS = YES;
				CLANG_WARN_STRICT_PROTOTYPES = YES;
				CLANG_WARN_SUSPICIOUS_MOVE = YES;
				CLANG_WARN_UNGUARDED_AVAILABILITY = YES_AGGRESSIVE;
				CLANG_WARN_UNREACHABLE_CODE = YES;
				CLANG_WARN__DUPLICATE_METHOD_MATCH = YES;
				COPY_PHASE_STRIP = NO;
				DEBUG_INFORMATION_FORMAT = dwarf;
				ENABLE_STRICT_OBJC_MSGSEND = YES;
				ENABLE_TESTABILITY = YES;
				GCC_C_LANGUAGE_STANDARD = gnu11;
				GCC_DYNAMIC_NO_PIC = NO;
				GCC_NO_COMMON_BLOCKS = YES;
				GCC_OPTIMIZATION_LEVEL = 0;
				GCC_PREPROCESSOR_DEFINITIONS = (
					"DEBUG=1",
					"$(inherited)",
				);
				GCC_WARN_64_TO_32_BIT_CONVERSION = YES;
				GCC_WARN_ABOUT_RETURN_TYPE = YES_ERROR;
				GCC_WARN_UNDECLARED_SELECTOR = YES;
				GCC_WARN_UNINITIALIZED_AUTOS = YES_AGGRESSIVE;
				GCC_WARN_UNUSED_FUNCTION = YES;
				GCC_WARN_UNUSED_VARIABLE = YES;
				IPHONEOS_DEPLOYMENT_TARGET = 14.0;
				MTL_ENABLE_DEBUG_INFO = INCLUDE_SOURCE;
				MTL_FAST_MATH = YES;
				ONLY_ACTIVE_ARCH = YES;
				SDKROOT = iphoneos;
				SWIFT_ACTIVE_COMPILATION_CONDITIONS = DEBUG;
				SWIFT_OPTIMIZATION_LEVEL = "-Onone";
			};
			name = Debug;
		};
		3AEAC3522548F0EE0056B8C9 /* Release */ = {
			isa = XCBuildConfiguration;
			buildSettings = {
				ALWAYS_SEARCH_USER_PATHS = NO;
				CLANG_ANALYZER_NONNULL = YES;
				CLANG_ANALYZER_NUMBER_OBJECT_CONVERSION = YES_AGGRESSIVE;
				CLANG_CXX_LANGUAGE_STANDARD = "gnu++14";
				CLANG_CXX_LIBRARY = "libc++";
				CLANG_ENABLE_MODULES = YES;
				CLANG_ENABLE_OBJC_ARC = YES;
				CLANG_ENABLE_OBJC_WEAK = YES;
				CLANG_WARN_BLOCK_CAPTURE_AUTORELEASING = YES;
				CLANG_WARN_BOOL_CONVERSION = YES;
				CLANG_WARN_COMMA = YES;
				CLANG_WARN_CONSTANT_CONVERSION = YES;
				CLANG_WARN_DEPRECATED_OBJC_IMPLEMENTATIONS = YES;
				CLANG_WARN_DIRECT_OBJC_ISA_USAGE = YES_ERROR;
				CLANG_WARN_DOCUMENTATION_COMMENTS = YES;
				CLANG_WARN_EMPTY_BODY = YES;
				CLANG_WARN_ENUM_CONVERSION = YES;
				CLANG_WARN_INFINITE_RECURSION = YES;
				CLANG_WARN_INT_CONVERSION = YES;
				CLANG_WARN_NON_LITERAL_NULL_CONVERSION = YES;
				CLANG_WARN_OBJC_IMPLICIT_RETAIN_SELF = YES;
				CLANG_WARN_OBJC_LITERAL_CONVERSION = YES;
				CLANG_WARN_OBJC_ROOT_CLASS = YES_ERROR;
				CLANG_WARN_QUOTED_INCLUDE_IN_FRAMEWORK_HEADER = YES;
				CLANG_WARN_RANGE_LOOP_ANALYSIS = YES;
				CLANG_WARN_STRICT_PROTOTYPES = YES;
				CLANG_WARN_SUSPICIOUS_MOVE = YES;
				CLANG_WARN_UNGUARDED_AVAILABILITY = YES_AGGRESSIVE;
				CLANG_WARN_UNREACHABLE_CODE = YES;
				CLANG_WARN__DUPLICATE_METHOD_MATCH = YES;
				COPY_PHASE_STRIP = NO;
				DEBUG_INFORMATION_FORMAT = "dwarf-with-dsym";
				ENABLE_NS_ASSERTIONS = NO;
				ENABLE_STRICT_OBJC_MSGSEND = YES;
				GCC_C_LANGUAGE_STANDARD = gnu11;
				GCC_NO_COMMON_BLOCKS = YES;
				GCC_WARN_64_TO_32_BIT_CONVERSION = YES;
				GCC_WARN_ABOUT_RETURN_TYPE = YES_ERROR;
				GCC_WARN_UNDECLARED_SELECTOR = YES;
				GCC_WARN_UNINITIALIZED_AUTOS = YES_AGGRESSIVE;
				GCC_WARN_UNUSED_FUNCTION = YES;
				GCC_WARN_UNUSED_VARIABLE = YES;
				IPHONEOS_DEPLOYMENT_TARGET = 14.0;
				MTL_ENABLE_DEBUG_INFO = NO;
				MTL_FAST_MATH = YES;
				SDKROOT = iphoneos;
				SWIFT_COMPILATION_MODE = wholemodule;
				SWIFT_OPTIMIZATION_LEVEL = "-O";
				VALIDATE_PRODUCT = YES;
			};
			name = Release;
		};
		3AEAC3542548F0EE0056B8C9 /* Debug */ = {
			isa = XCBuildConfiguration;
			baseConfigurationReference = E658B383B627920CBBA02CDB /* Pods-Goals.debug.xcconfig */;
			buildSettings = {
				ASSETCATALOG_COMPILER_APPICON_NAME = AppIcon;
				ASSETCATALOG_COMPILER_GLOBAL_ACCENT_COLOR_NAME = AccentColor;
				CODE_SIGN_STYLE = Automatic;
				CURRENT_PROJECT_VERSION = 1;
				DEVELOPMENT_ASSET_PATHS = "\"Goals/Preview Content\"";
				DEVELOPMENT_TEAM = 3339537SZN;
				ENABLE_PREVIEWS = YES;
				INFOPLIST_FILE = Goals/Info.plist;
				IPHONEOS_DEPLOYMENT_TARGET = 14.0;
				LD_RUNPATH_SEARCH_PATHS = (
					"$(inherited)",
					"@executable_path/Frameworks",
				);
				MARKETING_VERSION = 1.53;
				PRODUCT_BUNDLE_IDENTIFIER = riccardo.riccardo.Goals;
				PRODUCT_NAME = "$(TARGET_NAME)";
				SWIFT_VERSION = 5.0;
				TARGETED_DEVICE_FAMILY = 1;
			};
			name = Debug;
		};
		3AEAC3552548F0EE0056B8C9 /* Release */ = {
			isa = XCBuildConfiguration;
			baseConfigurationReference = 7574ED7ED2A2FE6F18314411 /* Pods-Goals.release.xcconfig */;
			buildSettings = {
				ASSETCATALOG_COMPILER_APPICON_NAME = AppIcon;
				ASSETCATALOG_COMPILER_GLOBAL_ACCENT_COLOR_NAME = AccentColor;
				CODE_SIGN_STYLE = Automatic;
				CURRENT_PROJECT_VERSION = 1;
				DEVELOPMENT_ASSET_PATHS = "\"Goals/Preview Content\"";
				DEVELOPMENT_TEAM = 3339537SZN;
				ENABLE_PREVIEWS = YES;
				INFOPLIST_FILE = Goals/Info.plist;
				IPHONEOS_DEPLOYMENT_TARGET = 14.0;
				LD_RUNPATH_SEARCH_PATHS = (
					"$(inherited)",
					"@executable_path/Frameworks",
				);
				MARKETING_VERSION = 1.53;
				PRODUCT_BUNDLE_IDENTIFIER = riccardo.riccardo.Goals;
				PRODUCT_NAME = "$(TARGET_NAME)";
				SWIFT_VERSION = 5.0;
				TARGETED_DEVICE_FAMILY = 1;
			};
			name = Release;
		};
/* End XCBuildConfiguration section */

/* Begin XCConfigurationList section */
		3AEAC33A2548F0ED0056B8C9 /* Build configuration list for PBXProject "Goals" */ = {
			isa = XCConfigurationList;
			buildConfigurations = (
				3AEAC3512548F0EE0056B8C9 /* Debug */,
				3AEAC3522548F0EE0056B8C9 /* Release */,
			);
			defaultConfigurationIsVisible = 0;
			defaultConfigurationName = Release;
		};
		3AEAC3532548F0EE0056B8C9 /* Build configuration list for PBXNativeTarget "Goals" */ = {
			isa = XCConfigurationList;
			buildConfigurations = (
				3AEAC3542548F0EE0056B8C9 /* Debug */,
				3AEAC3552548F0EE0056B8C9 /* Release */,
			);
			defaultConfigurationIsVisible = 0;
			defaultConfigurationName = Release;
		};
/* End XCConfigurationList section */

/* Begin XCVersionGroup section */
		3AEAC34D2548F0EE0056B8C9 /* Goals.xcdatamodeld */ = {
			isa = XCVersionGroup;
			children = (
				3AEAC34E2548F0EE0056B8C9 /* Goals.xcdatamodel */,
			);
			currentVersion = 3AEAC34E2548F0EE0056B8C9 /* Goals.xcdatamodel */;
			path = Goals.xcdatamodeld;
			sourceTree = "<group>";
			versionGroupType = wrapper.xcdatamodel;
		};
/* End XCVersionGroup section */
	};
	rootObject = 3AEAC3372548F0ED0056B8C9 /* Project object */;
}
