// !$*UTF8*$!
{
	archiveVersion = 1;
	classes = {
	};
	objectVersion = 50;
	objects = {

/* Begin PBXBuildFile section */
		3AEAC3432548F0ED0056B8C9 /* GoalsApp.swift in Sources */ = {isa = PBXBuildFile; fileRef = 3AEAC3422548F0ED0056B8C9 /* GoalsApp.swift */; };
		3AEAC3452548F0ED0056B8C9 /* ContentView.swift in Sources */ = {isa = PBXBuildFile; fileRef = 3AEAC3442548F0ED0056B8C9 /* ContentView.swift */; };
		3AEAC3472548F0EE0056B8C9 /* Assets.xcassets in Resources */ = {isa = PBXBuildFile; fileRef = 3AEAC3462548F0EE0056B8C9 /* Assets.xcassets */; };
		3AEAC34A2548F0EE0056B8C9 /* Preview Assets.xcassets in Resources */ = {isa = PBXBuildFile; fileRef = 3AEAC3492548F0EE0056B8C9 /* Preview Assets.xcassets */; };
		3AEAC34C2548F0EE0056B8C9 /* Persistence.swift in Sources */ = {isa = PBXBuildFile; fileRef = 3AEAC34B2548F0EE0056B8C9 /* Persistence.swift */; };
		3AEAC34F2548F0EE0056B8C9 /* Goals.xcdatamodeld in Sources */ = {isa = PBXBuildFile; fileRef = 3AEAC34D2548F0EE0056B8C9 /* Goals.xcdatamodeld */; };
/* End PBXBuildFile section */

/* Begin PBXFileReference section */
		3AEAC33F2548F0ED0056B8C9 /* Goals.app */ = {isa = PBXFileReference; explicitFileType = wrapper.application; includeInIndex = 0; path = Goals.app; sourceTree = BUILT_PRODUCTS_DIR; };
		3AEAC3422548F0ED0056B8C9 /* GoalsApp.swift */ = {isa = PBXFileReference; lastKnownFileType = sourcecode.swift; path = GoalsApp.swift; sourceTree = "<group>"; };
		3AEAC3442548F0ED0056B8C9 /* ContentView.swift */ = {isa = PBXFileReference; lastKnownFileType = sourcecode.swift; path = ContentView.swift; sourceTree = "<group>"; };
		3AEAC3462548F0EE0056B8C9 /* Assets.xcassets */ = {isa = PBXFileReference; lastKnownFileType = folder.assetcatalog; path = Assets.xcassets; sourceTree = "<group>"; };
		3AEAC3492548F0EE0056B8C9 /* Preview Assets.xcassets */ = {isa = PBXFileReference; lastKnownFileType = folder.assetcatalog; path = "Preview Assets.xcassets"; sourceTree = "<group>"; };
		3AEAC34B2548F0EE0056B8C9 /* Persistence.swift */ = {isa = PBXFileReference; lastKnownFileType = sourcecode.swift; path = Persistence.swift; sourceTree = "<group>"; };
		3AEAC34E2548F0EE0056B8C9 /* Goals.xcdatamodel */ = {isa = PBXFileReference; lastKnownFileType = wrapper.xcdatamodel; path = Goals.xcdatamodel; sourceTree = "<group>"; };
		3AEAC3502548F0EE0056B8C9 /* Info.plist */ = {isa = PBXFileReference; lastKnownFileType = text.plist.xml; path = Info.plist; sourceTree = "<group>"; };
/* End PBXFileReference section */

/* Begin PBXFrameworksBuildPhase section */
		3AEAC33C2548F0ED0056B8C9 /* Frameworks */ = {
			isa = PBXFrameworksBuildPhase;
			buildActionMask = 2147483647;
			files = (
			);
			runOnlyForDeploymentPostprocessing = 0;
		};
/* End PBXFrameworksBuildPhase section */

/* Begin PBXGroup section */
		3AEAC3362548F0ED0056B8C9 = {
			isa = PBXGroup;
			children = (
				3AEAC3412548F0ED0056B8C9 /* Goals */,
				3AEAC3402548F0ED0056B8C9 /* Products */,
			);
			sourceTree = "<group>";
		};
		3AEAC3402548F0ED0056B8C9 /* Products */ = {
			isa = PBXGroup;
			children = (
				3AEAC33F2548F0ED0056B8C9 /* Goals.app */,
			);
			name = Products;
			sourceTree = "<group>";
		};
		3AEAC3412548F0ED0056B8C9 /* Goals */ = {
			isa = PBXGroup;
			children = (
				3AEAC3422548F0ED0056B8C9 /* GoalsApp.swift */,
				3AEAC3442548F0ED0056B8C9 /* ContentView.swift */,
				3AEAC3462548F0EE0056B8C9 /* Assets.xcassets */,
				3AEAC34B2548F0EE0056B8C9 /* Persistence.swift */,
				3AEAC3502548F0EE0056B8C9 /* Info.plist */,
				3AEAC34D2548F0EE0056B8C9 /* Goals.xcdatamodeld */,
				3AEAC3482548F0EE0056B8C9 /* Preview Content */,
			);
			path = Goals;
			sourceTree = "<group>";
		};
		3AEAC3482548F0EE0056B8C9 /* Preview Content */ = {
			isa = PBXGroup;
			children = (
				3AEAC3492548F0EE0056B8C9 /* Preview Assets.xcassets */,
			);
			path = "Preview Content";
			sourceTree = "<group>";
		};
/* End PBXGroup section */

/* Begin PBXNativeTarget section */
		3AEAC33E2548F0ED0056B8C9 /* Goals */ = {
			isa = PBXNativeTarget;
			buildConfigurationList = 3AEAC3532548F0EE0056B8C9 /* Build configuration list for PBXNativeTarget "Goals" */;
			buildPhases = (
				3AEAC33B2548F0ED0056B8C9 /* Sources */,
				3AEAC33C2548F0ED0056B8C9 /* Frameworks */,
				3AEAC33D2548F0ED0056B8C9 /* Resources */,
			);
			buildRules = (
			);
			dependencies = (
			);
			name = Goals;
			productName = Goals;
			productReference = 3AEAC33F2548F0ED0056B8C9 /* Goals.app */;
			productType = "com.apple.product-type.application";
		};
/* End PBXNativeTarget section */

/* Begin PBXProject section */
		3AEAC3372548F0ED0056B8C9 /* Project object */ = {
			isa = PBXProject;
			attributes = {
				LastSwiftUpdateCheck = 1200;
				LastUpgradeCheck = 1200;
				TargetAttributes = {
					3AEAC33E2548F0ED0056B8C9 = {
						CreatedOnToolsVersion = 12.0.1;
					};
				};
			};
			buildConfigurationList = 3AEAC33A2548F0ED0056B8C9 /* Build configuration list for PBXProject "Goals" */;
			compatibilityVersion = "Xcode 9.3";
			developmentRegion = en;
			hasScannedForEncodings = 0;
			knownRegions = (
				en,
				Base,
			);
			mainGroup = 3AEAC3362548F0ED0056B8C9;
			productRefGroup = 3AEAC3402548F0ED0056B8C9 /* Products */;
			projectDirPath = "";
			projectRoot = "";
			targets = (
				3AEAC33E2548F0ED0056B8C9 /* Goals */,
			);
		};
/* End PBXProject section */

/* Begin PBXResourcesBuildPhase section */
		3AEAC33D2548F0ED0056B8C9 /* Resources */ = {
			isa = PBXResourcesBuildPhase;
			buildActionMask = 2147483647;
			files = (
				3AEAC34A2548F0EE0056B8C9 /* Preview Assets.xcassets in Resources */,
				3AEAC3472548F0EE0056B8C9 /* Assets.xcassets in Resources */,
			);
			runOnlyForDeploymentPostprocessing = 0;
		};
/* End PBXResourcesBuildPhase section */

/* Begin PBXSourcesBuildPhase section */
		3AEAC33B2548F0ED0056B8C9 /* Sources */ = {
			isa = PBXSourcesBuildPhase;
			buildActionMask = 2147483647;
			files = (
				3AEAC34F2548F0EE0056B8C9 /* Goals.xcdatamodeld in Sources */,
				3AEAC34C2548F0EE0056B8C9 /* Persistence.swift in Sources */,
				3AEAC3452548F0ED0056B8C9 /* ContentView.swift in Sources */,
				3AEAC3432548F0ED0056B8C9 /* GoalsApp.swift in Sources */,
			);
			runOnlyForDeploymentPostprocessing = 0;
		};
/* End PBXSourcesBuildPhase section */

/* Begin XCBuildConfiguration section */
		3AEAC3512548F0EE0056B8C9 /* Debug */ = {
			isa = XCBuildConfiguration;
			buildSettings = {
				ALWAYS_SEARCH_USER_PATHS = NO;
				CLANG_ANALYZER_NONNULL = YES;
				CLANG_ANALYZER_NUMBER_OBJECT_CONVERSION = YES_AGGRESSIVE;
				CLANG_CXX_LANGUAGE_STANDARD = "gnu++14";
				CLANG_CXX_LIBRARY = "libc++";
				CLANG_ENABLE_MODULES = YES;
				CLANG_ENABLE_OBJC_ARC = YES;
				CLANG_ENABLE_OBJC_WEAK = YES;
				CLANG_WARN_BLOCK_CAPTURE_AUTORELEASING = YES;
				CLANG_WARN_BOOL_CONVERSION = YES;
				CLANG_WARN_COMMA = YES;
				CLANG_WARN_CONSTANT_CONVERSION = YES;
				CLANG_WARN_DEPRECATED_OBJC_IMPLEMENTATIONS = YES;
				CLANG_WARN_DIRECT_OBJC_ISA_USAGE = YES_ERROR;
				CLANG_WARN_DOCUMENTATION_COMMENTS = YES;
				CLANG_WARN_EMPTY_BODY = YES;
				CLANG_WARN_ENUM_CONVERSION = YES;
				CLANG_WARN_INFINITE_RECURSION = YES;
				CLANG_WARN_INT_CONVERSION = YES;
				CLANG_WARN_NON_LITERAL_NULL_CONVERSION = YES;
				CLANG_WARN_OBJC_IMPLICIT_RETAIN_SELF = YES;
				CLANG_WARN_OBJC_LITERAL_CONVERSION = YES;
				CLANG_WARN_OBJC_ROOT_CLASS = YES_ERROR;
				CLANG_WARN_QUOTED_INCLUDE_IN_FRAMEWORK_HEADER = YES;
				CLANG_WARN_RANGE_LOOP_ANALYSIS = YES;
				CLANG_WARN_STRICT_PROTOTYPES = YES;
				CLANG_WARN_SUSPICIOUS_MOVE = YES;
				CLANG_WARN_UNGUARDED_AVAILABILITY = YES_AGGRESSIVE;
				CLANG_WARN_UNREACHABLE_CODE = YES;
				CLANG_WARN__DUPLICATE_METHOD_MATCH = YES;
				COPY_PHASE_STRIP = NO;
				DEBUG_INFORMATION_FORMAT = dwarf;
				ENABLE_STRICT_OBJC_MSGSEND = YES;
				ENABLE_TESTABILITY = YES;
				GCC_C_LANGUAGE_STANDARD = gnu11;
				GCC_DYNAMIC_NO_PIC = NO;
				GCC_NO_COMMON_BLOCKS = YES;
				GCC_OPTIMIZATION_LEVEL = 0;
				GCC_PREPROCESSOR_DEFINITIONS = (
					"DEBUG=1",
					"$(inherited)",
				);
				GCC_WARN_64_TO_32_BIT_CONVERSION = YES;
				GCC_WARN_ABOUT_RETURN_TYPE = YES_ERROR;
				GCC_WARN_UNDECLARED_SELECTOR = YES;
				GCC_WARN_UNINITIALIZED_AUTOS = YES_AGGRESSIVE;
				GCC_WARN_UNUSED_FUNCTION = YES;
				GCC_WARN_UNUSED_VARIABLE = YES;
				IPHONEOS_DEPLOYMENT_TARGET = 14.0;
				MTL_ENABLE_DEBUG_INFO = INCLUDE_SOURCE;
				MTL_FAST_MATH = YES;
				ONLY_ACTIVE_ARCH = YES;
				SDKROOT = iphoneos;
				SWIFT_ACTIVE_COMPILATION_CONDITIONS = DEBUG;
				SWIFT_OPTIMIZATION_LEVEL = "-Onone";
			};
			name = Debug;
		};
		3AEAC3522548F0EE0056B8C9 /* Release */ = {
			isa = XCBuildConfiguration;
			buildSettings = {
				ALWAYS_SEARCH_USER_PATHS = NO;
				CLANG_ANALYZER_NONNULL = YES;
				CLANG_ANALYZER_NUMBER_OBJECT_CONVERSION = YES_AGGRESSIVE;
				CLANG_CXX_LANGUAGE_STANDARD = "gnu++14";
				CLANG_CXX_LIBRARY = "libc++";
				CLANG_ENABLE_MODULES = YES;
				CLANG_ENABLE_OBJC_ARC = YES;
				CLANG_ENABLE_OBJC_WEAK = YES;
				CLANG_WARN_BLOCK_CAPTURE_AUTORELEASING = YES;
				CLANG_WARN_BOOL_CONVERSION = YES;
				CLANG_WARN_COMMA = YES;
				CLANG_WARN_CONSTANT_CONVERSION = YES;
				CLANG_WARN_DEPRECATED_OBJC_IMPLEMENTATIONS = YES;
				CLANG_WARN_DIRECT_OBJC_ISA_USAGE = YES_ERROR;
				CLANG_WARN_DOCUMENTATION_COMMENTS = YES;
				CLANG_WARN_EMPTY_BODY = YES;
				CLANG_WARN_ENUM_CONVERSION = YES;
				CLANG_WARN_INFINITE_RECURSION = YES;
				CLANG_WARN_INT_CONVERSION = YES;
				CLANG_WARN_NON_LITERAL_NULL_CONVERSION = YES;
				CLANG_WARN_OBJC_IMPLICIT_RETAIN_SELF = YES;
				CLANG_WARN_OBJC_LITERAL_CONVERSION = YES;
				CLANG_WARN_OBJC_ROOT_CLASS = YES_ERROR;
				CLANG_WARN_QUOTED_INCLUDE_IN_FRAMEWORK_HEADER = YES;
				CLANG_WARN_RANGE_LOOP_ANALYSIS = YES;
				CLANG_WARN_STRICT_PROTOTYPES = YES;
				CLANG_WARN_SUSPICIOUS_MOVE = YES;
				CLANG_WARN_UNGUARDED_AVAILABILITY = YES_AGGRESSIVE;
				CLANG_WARN_UNREACHABLE_CODE = YES;
				CLANG_WARN__DUPLICATE_METHOD_MATCH = YES;
				COPY_PHASE_STRIP = NO;
				DEBUG_INFORMATION_FORMAT = "dwarf-with-dsym";
				ENABLE_NS_ASSERTIONS = NO;
				ENABLE_STRICT_OBJC_MSGSEND = YES;
				GCC_C_LANGUAGE_STANDARD = gnu11;
				GCC_NO_COMMON_BLOCKS = YES;
				GCC_WARN_64_TO_32_BIT_CONVERSION = YES;
				GCC_WARN_ABOUT_RETURN_TYPE = YES_ERROR;
				GCC_WARN_UNDECLARED_SELECTOR = YES;
				GCC_WARN_UNINITIALIZED_AUTOS = YES_AGGRESSIVE;
				GCC_WARN_UNUSED_FUNCTION = YES;
				GCC_WARN_UNUSED_VARIABLE = YES;
				IPHONEOS_DEPLOYMENT_TARGET = 14.0;
				MTL_ENABLE_DEBUG_INFO = NO;
				MTL_FAST_MATH = YES;
				SDKROOT = iphoneos;
				SWIFT_COMPILATION_MODE = wholemodule;
				SWIFT_OPTIMIZATION_LEVEL = "-O";
				VALIDATE_PRODUCT = YES;
			};
			name = Release;
		};
		3AEAC3542548F0EE0056B8C9 /* Debug */ = {
			isa = XCBuildConfiguration;
			buildSettings = {
				ASSETCATALOG_COMPILER_APPICON_NAME = AppIcon;
				ASSETCATALOG_COMPILER_GLOBAL_ACCENT_COLOR_NAME = AccentColor;
				CODE_SIGN_STYLE = Automatic;
				DEVELOPMENT_ASSET_PATHS = "\"Goals/Preview Content\"";
				DEVELOPMENT_TEAM = 3339537SZN;
				ENABLE_PREVIEWS = YES;
				INFOPLIST_FILE = Goals/Info.plist;
				IPHONEOS_DEPLOYMENT_TARGET = 14.0;
				LD_RUNPATH_SEARCH_PATHS = (
					"$(inherited)",
					"@executable_path/Frameworks",
				);
				PRODUCT_BUNDLE_IDENTIFIER = riccardo.riccardo.Goals;
				PRODUCT_NAME = "$(TARGET_NAME)";
				SWIFT_VERSION = 5.0;
				TARGETED_DEVICE_FAMILY = "1,2";
			};
			name = Debug;
		};
		3AEAC3552548F0EE0056B8C9 /* Release */ = {
			isa = XCBuildConfiguration;
			buildSettings = {
				ASSETCATALOG_COMPILER_APPICON_NAME = AppIcon;
				ASSETCATALOG_COMPILER_GLOBAL_ACCENT_COLOR_NAME = AccentColor;
				CODE_SIGN_STYLE = Automatic;
				DEVELOPMENT_ASSET_PATHS = "\"Goals/Preview Content\"";
				DEVELOPMENT_TEAM = 3339537SZN;
				ENABLE_PREVIEWS = YES;
				INFOPLIST_FILE = Goals/Info.plist;
				IPHONEOS_DEPLOYMENT_TARGET = 14.0;
				LD_RUNPATH_SEARCH_PATHS = (
					"$(inherited)",
					"@executable_path/Frameworks",
				);
				PRODUCT_BUNDLE_IDENTIFIER = riccardo.riccardo.Goals;
				PRODUCT_NAME = "$(TARGET_NAME)";
				SWIFT_VERSION = 5.0;
				TARGETED_DEVICE_FAMILY = "1,2";
			};
			name = Release;
		};
/* End XCBuildConfiguration section */

/* Begin XCConfigurationList section */
		3AEAC33A2548F0ED0056B8C9 /* Build configuration list for PBXProject "Goals" */ = {
			isa = XCConfigurationList;
			buildConfigurations = (
				3AEAC3512548F0EE0056B8C9 /* Debug */,
				3AEAC3522548F0EE0056B8C9 /* Release */,
			);
			defaultConfigurationIsVisible = 0;
			defaultConfigurationName = Release;
		};
		3AEAC3532548F0EE0056B8C9 /* Build configuration list for PBXNativeTarget "Goals" */ = {
			isa = XCConfigurationList;
			buildConfigurations = (
				3AEAC3542548F0EE0056B8C9 /* Debug */,
				3AEAC3552548F0EE0056B8C9 /* Release */,
			);
			defaultConfigurationIsVisible = 0;
			defaultConfigurationName = Release;
		};
/* End XCConfigurationList section */

/* Begin XCVersionGroup section */
		3AEAC34D2548F0EE0056B8C9 /* Goals.xcdatamodeld */ = {
			isa = XCVersionGroup;
			children = (
				3AEAC34E2548F0EE0056B8C9 /* Goals.xcdatamodel */,
			);
			currentVersion = 3AEAC34E2548F0EE0056B8C9 /* Goals.xcdatamodel */;
			path = Goals.xcdatamodeld;
			sourceTree = "<group>";
			versionGroupType = wrapper.xcdatamodel;
		};
/* End XCVersionGroup section */
	};
	rootObject = 3AEAC3372548F0ED0056B8C9 /* Project object */;
}
