{
  "object": {
    "pins": [
      {
        "package": "Purchases",
        "repositoryURL": "https://github.com/RevenueCat/purchases-ios.git",
        "state": {
          "branch": null,
          "revision": "3e0729e7b69cf3e58966db151f8997f8b387803e",
          "version": "3.7.6"
        }
      }
    ]
  },
  "version": 1
}
